// !$*UTF8*$!
{
	archiveVersion = 1;
	classes = {
	};
	objectVersion = 56;
	objects = {

/* Begin PBXBuildFile section */
		491EAFC92C111E28006682ED /* GoogleService-Info.plist in Resources */ = {isa = PBXBuildFile; fileRef = 491EAFC82C111E28006682ED /* GoogleService-Info.plist */; };
		491EAFCD2C113817006682ED /* FirebaseDatabase in Frameworks */ = {isa = PBXBuildFile; productRef = 491EAFCC2C113817006682ED /* FirebaseDatabase */; };
		49A605B62BDE0C2E00B0C5E7 /* IoT_ProjectApp.swift in Sources */ = {isa = PBXBuildFile; fileRef = 49A605B52BDE0C2E00B0C5E7 /* IoT_ProjectApp.swift */; };
		49A605B82BDE0C2E00B0C5E7 /* ContentView.swift in Sources */ = {isa = PBXBuildFile; fileRef = 49A605B72BDE0C2E00B0C5E7 /* ContentView.swift */; };
		49A605BA2BDE0C3300B0C5E7 /* Assets.xcassets in Resources */ = {isa = PBXBuildFile; fileRef = 49A605B92BDE0C3300B0C5E7 /* Assets.xcassets */; };
		49A605BD2BDE0C3300B0C5E7 /* Preview Assets.xcassets in Resources */ = {isa = PBXBuildFile; fileRef = 49A605BC2BDE0C3300B0C5E7 /* Preview Assets.xcassets */; };
		49A605C72BDE0C3400B0C5E7 /* IoT_ProjectTests.swift in Sources */ = {isa = PBXBuildFile; fileRef = 49A605C62BDE0C3400B0C5E7 /* IoT_ProjectTests.swift */; };
		49A605D12BDE0C3400B0C5E7 /* IoT_ProjectUITests.swift in Sources */ = {isa = PBXBuildFile; fileRef = 49A605D02BDE0C3400B0C5E7 /* IoT_ProjectUITests.swift */; };
		49A605D32BDE0C3400B0C5E7 /* IoT_ProjectUITestsLaunchTests.swift in Sources */ = {isa = PBXBuildFile; fileRef = 49A605D22BDE0C3400B0C5E7 /* IoT_ProjectUITestsLaunchTests.swift */; };
		49B2111F2C0FDD0E00A45C6A /* FirebaseAnalytics in Frameworks */ = {isa = PBXBuildFile; productRef = 49B2111E2C0FDD0E00A45C6A /* FirebaseAnalytics */; };
		49B211212C0FDD0E00A45C6A /* FirebaseAnalyticsOnDeviceConversion in Frameworks */ = {isa = PBXBuildFile; productRef = 49B211202C0FDD0E00A45C6A /* FirebaseAnalyticsOnDeviceConversion */; };
		49B211232C0FDD0E00A45C6A /* FirebaseAnalyticsSwift in Frameworks */ = {isa = PBXBuildFile; productRef = 49B211222C0FDD0E00A45C6A /* FirebaseAnalyticsSwift */; };
		49B211252C0FDD0E00A45C6A /* FirebaseAppCheck in Frameworks */ = {isa = PBXBuildFile; productRef = 49B211242C0FDD0E00A45C6A /* FirebaseAppCheck */; };
		49D00EDA2BEAED200055B9F4 /* FirebaseAnalyticsWithoutAdIdSupport in Frameworks */ = {isa = PBXBuildFile; productRef = 49D00ED92BEAED200055B9F4 /* FirebaseAnalyticsWithoutAdIdSupport */; };
/* End PBXBuildFile section */

/* Begin PBXContainerItemProxy section */
		49A605C32BDE0C3400B0C5E7 /* PBXContainerItemProxy */ = {
			isa = PBXContainerItemProxy;
			containerPortal = 49A605AA2BDE0C2E00B0C5E7 /* Project object */;
			proxyType = 1;
			remoteGlobalIDString = 49A605B12BDE0C2E00B0C5E7;
			remoteInfo = IoT_Project;
		};
		49A605CD2BDE0C3400B0C5E7 /* PBXContainerItemProxy */ = {
			isa = PBXContainerItemProxy;
			containerPortal = 49A605AA2BDE0C2E00B0C5E7 /* Project object */;
			proxyType = 1;
			remoteGlobalIDString = 49A605B12BDE0C2E00B0C5E7;
			remoteInfo = IoT_Project;
		};
/* End PBXContainerItemProxy section */

/* Begin PBXFileReference section */
		491EAFC82C111E28006682ED /* GoogleService-Info.plist */ = {isa = PBXFileReference; fileEncoding = 4; lastKnownFileType = text.plist.xml; name = "GoogleService-Info.plist"; path = "../../../../Downloads/GoogleService-Info.plist"; sourceTree = "<group>"; };
		4926D46D2BE182630063C173 /* IoT-Project-Info.plist */ = {isa = PBXFileReference; lastKnownFileType = text.plist; path = "IoT-Project-Info.plist"; sourceTree = SOURCE_ROOT; };
		49A605B22BDE0C2E00B0C5E7 /* IoT_Project.app */ = {isa = PBXFileReference; explicitFileType = wrapper.application; includeInIndex = 0; path = IoT_Project.app; sourceTree = BUILT_PRODUCTS_DIR; };
		49A605B52BDE0C2E00B0C5E7 /* IoT_ProjectApp.swift */ = {isa = PBXFileReference; lastKnownFileType = sourcecode.swift; path = IoT_ProjectApp.swift; sourceTree = "<group>"; };
		49A605B72BDE0C2E00B0C5E7 /* ContentView.swift */ = {isa = PBXFileReference; lastKnownFileType = sourcecode.swift; path = ContentView.swift; sourceTree = "<group>"; };
		49A605B92BDE0C3300B0C5E7 /* Assets.xcassets */ = {isa = PBXFileReference; lastKnownFileType = folder.assetcatalog; path = Assets.xcassets; sourceTree = "<group>"; };
		49A605BC2BDE0C3300B0C5E7 /* Preview Assets.xcassets */ = {isa = PBXFileReference; lastKnownFileType = folder.assetcatalog; path = "Preview Assets.xcassets"; sourceTree = "<group>"; };
		49A605C22BDE0C3400B0C5E7 /* IoT_ProjectTests.xctest */ = {isa = PBXFileReference; explicitFileType = wrapper.cfbundle; includeInIndex = 0; path = IoT_ProjectTests.xctest; sourceTree = BUILT_PRODUCTS_DIR; };
		49A605C62BDE0C3400B0C5E7 /* IoT_ProjectTests.swift */ = {isa = PBXFileReference; lastKnownFileType = sourcecode.swift; path = IoT_ProjectTests.swift; sourceTree = "<group>"; };
		49A605CC2BDE0C3400B0C5E7 /* IoT_ProjectUITests.xctest */ = {isa = PBXFileReference; explicitFileType = wrapper.cfbundle; includeInIndex = 0; path = IoT_ProjectUITests.xctest; sourceTree = BUILT_PRODUCTS_DIR; };
		49A605D02BDE0C3400B0C5E7 /* IoT_ProjectUITests.swift */ = {isa = PBXFileReference; lastKnownFileType = sourcecode.swift; path = IoT_ProjectUITests.swift; sourceTree = "<group>"; };
		49A605D22BDE0C3400B0C5E7 /* IoT_ProjectUITestsLaunchTests.swift */ = {isa = PBXFileReference; lastKnownFileType = sourcecode.swift; path = IoT_ProjectUITestsLaunchTests.swift; sourceTree = "<group>"; };
/* End PBXFileReference section */

/* Begin PBXFrameworksBuildPhase section */
		49A605AF2BDE0C2E00B0C5E7 /* Frameworks */ = {
			isa = PBXFrameworksBuildPhase;
			buildActionMask = 2147483647;
			files = (
				49B211232C0FDD0E00A45C6A /* FirebaseAnalyticsSwift in Frameworks */,
				49B2111F2C0FDD0E00A45C6A /* FirebaseAnalytics in Frameworks */,
				49B211212C0FDD0E00A45C6A /* FirebaseAnalyticsOnDeviceConversion in Frameworks */,
				49B211252C0FDD0E00A45C6A /* FirebaseAppCheck in Frameworks */,
				491EAFCD2C113817006682ED /* FirebaseDatabase in Frameworks */,
				49D00EDA2BEAED200055B9F4 /* FirebaseAnalyticsWithoutAdIdSupport in Frameworks */,
			);
			runOnlyForDeploymentPostprocessing = 0;
		};
		49A605BF2BDE0C3400B0C5E7 /* Frameworks */ = {
			isa = PBXFrameworksBuildPhase;
			buildActionMask = 2147483647;
			files = (
			);
			runOnlyForDeploymentPostprocessing = 0;
		};
		49A605C92BDE0C3400B0C5E7 /* Frameworks */ = {
			isa = PBXFrameworksBuildPhase;
			buildActionMask = 2147483647;
			files = (
			);
			runOnlyForDeploymentPostprocessing = 0;
		};
/* End PBXFrameworksBuildPhase section */

/* Begin PBXGroup section */
		49A605A92BDE0C2E00B0C5E7 = {
			isa = PBXGroup;
			children = (
				491EAFC82C111E28006682ED /* GoogleService-Info.plist */,
				49A605B42BDE0C2E00B0C5E7 /* IoT_Project */,
				49A605C52BDE0C3400B0C5E7 /* IoT_ProjectTests */,
				49A605CF2BDE0C3400B0C5E7 /* IoT_ProjectUITests */,
				49A605B32BDE0C2E00B0C5E7 /* Products */,
			);
			sourceTree = "<group>";
		};
		49A605B32BDE0C2E00B0C5E7 /* Products */ = {
			isa = PBXGroup;
			children = (
				49A605B22BDE0C2E00B0C5E7 /* IoT_Project.app */,
				49A605C22BDE0C3400B0C5E7 /* IoT_ProjectTests.xctest */,
				49A605CC2BDE0C3400B0C5E7 /* IoT_ProjectUITests.xctest */,
			);
			name = Products;
			sourceTree = "<group>";
		};
		49A605B42BDE0C2E00B0C5E7 /* IoT_Project */ = {
			isa = PBXGroup;
			children = (
				4926D46D2BE182630063C173 /* IoT-Project-Info.plist */,
				49A605B52BDE0C2E00B0C5E7 /* IoT_ProjectApp.swift */,
				49A605B72BDE0C2E00B0C5E7 /* ContentView.swift */,
				49A605B92BDE0C3300B0C5E7 /* Assets.xcassets */,
				49A605BB2BDE0C3300B0C5E7 /* Preview Content */,
			);
			path = IoT_Project;
			sourceTree = "<group>";
		};
		49A605BB2BDE0C3300B0C5E7 /* Preview Content */ = {
			isa = PBXGroup;
			children = (
				49A605BC2BDE0C3300B0C5E7 /* Preview Assets.xcassets */,
			);
			path = "Preview Content";
			sourceTree = "<group>";
		};
		49A605C52BDE0C3400B0C5E7 /* IoT_ProjectTests */ = {
			isa = PBXGroup;
			children = (
				49A605C62BDE0C3400B0C5E7 /* IoT_ProjectTests.swift */,
			);
			path = IoT_ProjectTests;
			sourceTree = "<group>";
		};
		49A605CF2BDE0C3400B0C5E7 /* IoT_ProjectUITests */ = {
			isa = PBXGroup;
			children = (
				49A605D02BDE0C3400B0C5E7 /* IoT_ProjectUITests.swift */,
				49A605D22BDE0C3400B0C5E7 /* IoT_ProjectUITestsLaunchTests.swift */,
			);
			path = IoT_ProjectUITests;
			sourceTree = "<group>";
		};
/* End PBXGroup section */

/* Begin PBXNativeTarget section */
		49A605B12BDE0C2E00B0C5E7 /* IoT_Project */ = {
			isa = PBXNativeTarget;
			buildConfigurationList = 49A605D62BDE0C3400B0C5E7 /* Build configuration list for PBXNativeTarget "IoT_Project" */;
			buildPhases = (
				49A605AE2BDE0C2E00B0C5E7 /* Sources */,
				49A605AF2BDE0C2E00B0C5E7 /* Frameworks */,
				49A605B02BDE0C2E00B0C5E7 /* Resources */,
			);
			buildRules = (
			);
			dependencies = (
			);
			name = IoT_Project;
			packageProductDependencies = (
				49D00ED92BEAED200055B9F4 /* FirebaseAnalyticsWithoutAdIdSupport */,
				49B2111E2C0FDD0E00A45C6A /* FirebaseAnalytics */,
				49B211202C0FDD0E00A45C6A /* FirebaseAnalyticsOnDeviceConversion */,
				49B211222C0FDD0E00A45C6A /* FirebaseAnalyticsSwift */,
				49B211242C0FDD0E00A45C6A /* FirebaseAppCheck */,
				491EAFCC2C113817006682ED /* FirebaseDatabase */,
			);
			productName = IoT_Project;
			productReference = 49A605B22BDE0C2E00B0C5E7 /* IoT_Project.app */;
			productType = "com.apple.product-type.application";
		};
		49A605C12BDE0C3400B0C5E7 /* IoT_ProjectTests */ = {
			isa = PBXNativeTarget;
			buildConfigurationList = 49A605D92BDE0C3400B0C5E7 /* Build configuration list for PBXNativeTarget "IoT_ProjectTests" */;
			buildPhases = (
				49A605BE2BDE0C3400B0C5E7 /* Sources */,
				49A605BF2BDE0C3400B0C5E7 /* Frameworks */,
				49A605C02BDE0C3400B0C5E7 /* Resources */,
			);
			buildRules = (
			);
			dependencies = (
				49A605C42BDE0C3400B0C5E7 /* PBXTargetDependency */,
			);
			name = IoT_ProjectTests;
			productName = IoT_ProjectTests;
			productReference = 49A605C22BDE0C3400B0C5E7 /* IoT_ProjectTests.xctest */;
			productType = "com.apple.product-type.bundle.unit-test";
		};
		49A605CB2BDE0C3400B0C5E7 /* IoT_ProjectUITests */ = {
			isa = PBXNativeTarget;
			buildConfigurationList = 49A605DC2BDE0C3400B0C5E7 /* Build configuration list for PBXNativeTarget "IoT_ProjectUITests" */;
			buildPhases = (
				49A605C82BDE0C3400B0C5E7 /* Sources */,
				49A605C92BDE0C3400B0C5E7 /* Frameworks */,
				49A605CA2BDE0C3400B0C5E7 /* Resources */,
			);
			buildRules = (
			);
			dependencies = (
				49A605CE2BDE0C3400B0C5E7 /* PBXTargetDependency */,
			);
			name = IoT_ProjectUITests;
			productName = IoT_ProjectUITests;
			productReference = 49A605CC2BDE0C3400B0C5E7 /* IoT_ProjectUITests.xctest */;
			productType = "com.apple.product-type.bundle.ui-testing";
		};
/* End PBXNativeTarget section */

/* Begin PBXProject section */
		49A605AA2BDE0C2E00B0C5E7 /* Project object */ = {
			isa = PBXProject;
			attributes = {
				BuildIndependentTargetsInParallel = 1;
				LastSwiftUpdateCheck = 1530;
				LastUpgradeCheck = 1530;
				TargetAttributes = {
					49A605B12BDE0C2E00B0C5E7 = {
						CreatedOnToolsVersion = 15.3;
					};
					49A605C12BDE0C3400B0C5E7 = {
						CreatedOnToolsVersion = 15.3;
						TestTargetID = 49A605B12BDE0C2E00B0C5E7;
					};
					49A605CB2BDE0C3400B0C5E7 = {
						CreatedOnToolsVersion = 15.3;
						TestTargetID = 49A605B12BDE0C2E00B0C5E7;
					};
				};
			};
			buildConfigurationList = 49A605AD2BDE0C2E00B0C5E7 /* Build configuration list for PBXProject "IoT_Project" */;
			compatibilityVersion = "Xcode 14.0";
			developmentRegion = en;
			hasScannedForEncodings = 0;
			knownRegions = (
				en,
				Base,
			);
			mainGroup = 49A605A92BDE0C2E00B0C5E7;
			packageReferences = (
				49D00ED82BEAED200055B9F4 /* XCRemoteSwiftPackageReference "firebase-ios-sdk" */,
			);
			productRefGroup = 49A605B32BDE0C2E00B0C5E7 /* Products */;
			projectDirPath = "";
			projectRoot = "";
			targets = (
				49A605B12BDE0C2E00B0C5E7 /* IoT_Project */,
				49A605C12BDE0C3400B0C5E7 /* IoT_ProjectTests */,
				49A605CB2BDE0C3400B0C5E7 /* IoT_ProjectUITests */,
			);
		};
/* End PBXProject section */

/* Begin PBXResourcesBuildPhase section */
		49A605B02BDE0C2E00B0C5E7 /* Resources */ = {
			isa = PBXResourcesBuildPhase;
			buildActionMask = 2147483647;
			files = (
				49A605BD2BDE0C3300B0C5E7 /* Preview Assets.xcassets in Resources */,
				49A605BA2BDE0C3300B0C5E7 /* Assets.xcassets in Resources */,
				491EAFC92C111E28006682ED /* GoogleService-Info.plist in Resources */,
			);
			runOnlyForDeploymentPostprocessing = 0;
		};
		49A605C02BDE0C3400B0C5E7 /* Resources */ = {
			isa = PBXResourcesBuildPhase;
			buildActionMask = 2147483647;
			files = (
			);
			runOnlyForDeploymentPostprocessing = 0;
		};
		49A605CA2BDE0C3400B0C5E7 /* Resources */ = {
			isa = PBXResourcesBuildPhase;
			buildActionMask = 2147483647;
			files = (
			);
			runOnlyForDeploymentPostprocessing = 0;
		};
/* End PBXResourcesBuildPhase section */

/* Begin PBXSourcesBuildPhase section */
		49A605AE2BDE0C2E00B0C5E7 /* Sources */ = {
			isa = PBXSourcesBuildPhase;
			buildActionMask = 2147483647;
			files = (
				49A605B82BDE0C2E00B0C5E7 /* ContentView.swift in Sources */,
				49A605B62BDE0C2E00B0C5E7 /* IoT_ProjectApp.swift in Sources */,
			);
			runOnlyForDeploymentPostprocessing = 0;
		};
		49A605BE2BDE0C3400B0C5E7 /* Sources */ = {
			isa = PBXSourcesBuildPhase;
			buildActionMask = 2147483647;
			files = (
				49A605C72BDE0C3400B0C5E7 /* IoT_ProjectTests.swift in Sources */,
			);
			runOnlyForDeploymentPostprocessing = 0;
		};
		49A605C82BDE0C3400B0C5E7 /* Sources */ = {
			isa = PBXSourcesBuildPhase;
			buildActionMask = 2147483647;
			files = (
				49A605D12BDE0C3400B0C5E7 /* IoT_ProjectUITests.swift in Sources */,
				49A605D32BDE0C3400B0C5E7 /* IoT_ProjectUITestsLaunchTests.swift in Sources */,
			);
			runOnlyForDeploymentPostprocessing = 0;
		};
/* End PBXSourcesBuildPhase section */

/* Begin PBXTargetDependency section */
		49A605C42BDE0C3400B0C5E7 /* PBXTargetDependency */ = {
			isa = PBXTargetDependency;
			target = 49A605B12BDE0C2E00B0C5E7 /* IoT_Project */;
			targetProxy = 49A605C32BDE0C3400B0C5E7 /* PBXContainerItemProxy */;
		};
		49A605CE2BDE0C3400B0C5E7 /* PBXTargetDependency */ = {
			isa = PBXTargetDependency;
			target = 49A605B12BDE0C2E00B0C5E7 /* IoT_Project */;
			targetProxy = 49A605CD2BDE0C3400B0C5E7 /* PBXContainerItemProxy */;
		};
/* End PBXTargetDependency section */

/* Begin XCBuildConfiguration section */
		49A605D42BDE0C3400B0C5E7 /* Debug */ = {
			isa = XCBuildConfiguration;
			buildSettings = {
				ALWAYS_SEARCH_USER_PATHS = NO;
				ASSETCATALOG_COMPILER_GENERATE_SWIFT_ASSET_SYMBOL_EXTENSIONS = YES;
				CLANG_ANALYZER_NONNULL = YES;
				CLANG_ANALYZER_NUMBER_OBJECT_CONVERSION = YES_AGGRESSIVE;
				CLANG_CXX_LANGUAGE_STANDARD = "gnu++20";
				CLANG_ENABLE_MODULES = YES;
				CLANG_ENABLE_OBJC_ARC = YES;
				CLANG_ENABLE_OBJC_WEAK = YES;
				CLANG_WARN_BLOCK_CAPTURE_AUTORELEASING = YES;
				CLANG_WARN_BOOL_CONVERSION = YES;
				CLANG_WARN_COMMA = YES;
				CLANG_WARN_CONSTANT_CONVERSION = YES;
				CLANG_WARN_DEPRECATED_OBJC_IMPLEMENTATIONS = YES;
				CLANG_WARN_DIRECT_OBJC_ISA_USAGE = YES_ERROR;
				CLANG_WARN_DOCUMENTATION_COMMENTS = YES;
				CLANG_WARN_EMPTY_BODY = YES;
				CLANG_WARN_ENUM_CONVERSION = YES;
				CLANG_WARN_INFINITE_RECURSION = YES;
				CLANG_WARN_INT_CONVERSION = YES;
				CLANG_WARN_NON_LITERAL_NULL_CONVERSION = YES;
				CLANG_WARN_OBJC_IMPLICIT_RETAIN_SELF = YES;
				CLANG_WARN_OBJC_LITERAL_CONVERSION = YES;
				CLANG_WARN_OBJC_ROOT_CLASS = YES_ERROR;
				CLANG_WARN_QUOTED_INCLUDE_IN_FRAMEWORK_HEADER = YES;
				CLANG_WARN_RANGE_LOOP_ANALYSIS = YES;
				CLANG_WARN_STRICT_PROTOTYPES = YES;
				CLANG_WARN_SUSPICIOUS_MOVE = YES;
				CLANG_WARN_UNGUARDED_AVAILABILITY = YES_AGGRESSIVE;
				CLANG_WARN_UNREACHABLE_CODE = YES;
				CLANG_WARN__DUPLICATE_METHOD_MATCH = YES;
				COPY_PHASE_STRIP = NO;
				DEBUG_INFORMATION_FORMAT = dwarf;
				ENABLE_STRICT_OBJC_MSGSEND = YES;
				ENABLE_TESTABILITY = YES;
				ENABLE_USER_SCRIPT_SANDBOXING = YES;
				GCC_C_LANGUAGE_STANDARD = gnu17;
				GCC_DYNAMIC_NO_PIC = NO;
				GCC_NO_COMMON_BLOCKS = YES;
				GCC_OPTIMIZATION_LEVEL = 0;
				GCC_PREPROCESSOR_DEFINITIONS = (
					"DEBUG=1",
					"$(inherited)",
				);
				GCC_WARN_64_TO_32_BIT_CONVERSION = YES;
				GCC_WARN_ABOUT_RETURN_TYPE = YES_ERROR;
				GCC_WARN_UNDECLARED_SELECTOR = YES;
				GCC_WARN_UNINITIALIZED_AUTOS = YES_AGGRESSIVE;
				GCC_WARN_UNUSED_FUNCTION = YES;
				GCC_WARN_UNUSED_VARIABLE = YES;
				IPHONEOS_DEPLOYMENT_TARGET = 17.4;
				LOCALIZATION_PREFERS_STRING_CATALOGS = YES;
				MTL_ENABLE_DEBUG_INFO = INCLUDE_SOURCE;
				MTL_FAST_MATH = YES;
				ONLY_ACTIVE_ARCH = YES;
				SDKROOT = iphoneos;
				SWIFT_ACTIVE_COMPILATION_CONDITIONS = "DEBUG $(inherited)";
				SWIFT_OPTIMIZATION_LEVEL = "-Onone";
			};
			name = Debug;
		};
		49A605D52BDE0C3400B0C5E7 /* Release */ = {
			isa = XCBuildConfiguration;
			buildSettings = {
				ALWAYS_SEARCH_USER_PATHS = NO;
				ASSETCATALOG_COMPILER_GENERATE_SWIFT_ASSET_SYMBOL_EXTENSIONS = YES;
				CLANG_ANALYZER_NONNULL = YES;
				CLANG_ANALYZER_NUMBER_OBJECT_CONVERSION = YES_AGGRESSIVE;
				CLANG_CXX_LANGUAGE_STANDARD = "gnu++20";
				CLANG_ENABLE_MODULES = YES;
				CLANG_ENABLE_OBJC_ARC = YES;
				CLANG_ENABLE_OBJC_WEAK = YES;
				CLANG_WARN_BLOCK_CAPTURE_AUTORELEASING = YES;
				CLANG_WARN_BOOL_CONVERSION = YES;
				CLANG_WARN_COMMA = YES;
				CLANG_WARN_CONSTANT_CONVERSION = YES;
				CLANG_WARN_DEPRECATED_OBJC_IMPLEMENTATIONS = YES;
				CLANG_WARN_DIRECT_OBJC_ISA_USAGE = YES_ERROR;
				CLANG_WARN_DOCUMENTATION_COMMENTS = YES;
				CLANG_WARN_EMPTY_BODY = YES;
				CLANG_WARN_ENUM_CONVERSION = YES;
				CLANG_WARN_INFINITE_RECURSION = YES;
				CLANG_WARN_INT_CONVERSION = YES;
				CLANG_WARN_NON_LITERAL_NULL_CONVERSION = YES;
				CLANG_WARN_OBJC_IMPLICIT_RETAIN_SELF = YES;
				CLANG_WARN_OBJC_LITERAL_CONVERSION = YES;
				CLANG_WARN_OBJC_ROOT_CLASS = YES_ERROR;
				CLANG_WARN_QUOTED_INCLUDE_IN_FRAMEWORK_HEADER = YES;
				CLANG_WARN_RANGE_LOOP_ANALYSIS = YES;
				CLANG_WARN_STRICT_PROTOTYPES = YES;
				CLANG_WARN_SUSPICIOUS_MOVE = YES;
				CLANG_WARN_UNGUARDED_AVAILABILITY = YES_AGGRESSIVE;
				CLANG_WARN_UNREACHABLE_CODE = YES;
				CLANG_WARN__DUPLICATE_METHOD_MATCH = YES;
				COPY_PHASE_STRIP = NO;
				DEBUG_INFORMATION_FORMAT = "dwarf-with-dsym";
				ENABLE_NS_ASSERTIONS = NO;
				ENABLE_STRICT_OBJC_MSGSEND = YES;
				ENABLE_USER_SCRIPT_SANDBOXING = YES;
				GCC_C_LANGUAGE_STANDARD = gnu17;
				GCC_NO_COMMON_BLOCKS = YES;
				GCC_WARN_64_TO_32_BIT_CONVERSION = YES;
				GCC_WARN_ABOUT_RETURN_TYPE = YES_ERROR;
				GCC_WARN_UNDECLARED_SELECTOR = YES;
				GCC_WARN_UNINITIALIZED_AUTOS = YES_AGGRESSIVE;
				GCC_WARN_UNUSED_FUNCTION = YES;
				GCC_WARN_UNUSED_VARIABLE = YES;
				IPHONEOS_DEPLOYMENT_TARGET = 17.4;
				LOCALIZATION_PREFERS_STRING_CATALOGS = YES;
				MTL_ENABLE_DEBUG_INFO = NO;
				MTL_FAST_MATH = YES;
				SDKROOT = iphoneos;
				SWIFT_COMPILATION_MODE = wholemodule;
				VALIDATE_PRODUCT = YES;
			};
			name = Release;
		};
		49A605D72BDE0C3400B0C5E7 /* Debug */ = {
			isa = XCBuildConfiguration;
			buildSettings = {
				ASSETCATALOG_COMPILER_APPICON_NAME = AppIcon;
				ASSETCATALOG_COMPILER_GLOBAL_ACCENT_COLOR_NAME = AccentColor;
				CODE_SIGN_STYLE = Automatic;
				CURRENT_PROJECT_VERSION = 1;
				DEVELOPMENT_ASSET_PATHS = "\"IoT_Project/Preview Content\"";
				DEVELOPMENT_TEAM = EG7G6MZGBM;
				ENABLE_PREVIEWS = YES;
				GENERATE_INFOPLIST_FILE = YES;
				INFOPLIST_FILE = "IoT-Project-Info.plist";
				INFOPLIST_KEY_UIApplicationSceneManifest_Generation = YES;
				INFOPLIST_KEY_UIApplicationSupportsIndirectInputEvents = YES;
				INFOPLIST_KEY_UILaunchScreen_Generation = YES;
				INFOPLIST_KEY_UISupportedInterfaceOrientations_iPad = "UIInterfaceOrientationPortrait UIInterfaceOrientationPortraitUpsideDown UIInterfaceOrientationLandscapeLeft UIInterfaceOrientationLandscapeRight";
				INFOPLIST_KEY_UISupportedInterfaceOrientations_iPhone = "UIInterfaceOrientationPortrait UIInterfaceOrientationLandscapeLeft UIInterfaceOrientationLandscapeRight";
				LD_RUNPATH_SEARCH_PATHS = (
					"$(inherited)",
					"@executable_path/Frameworks",
				);
				MARKETING_VERSION = 1.0;
				PRODUCT_BUNDLE_IDENTIFIER = "com.andrew.IoT-Project";
				PRODUCT_NAME = "$(TARGET_NAME)";
				SWIFT_EMIT_LOC_STRINGS = YES;
				SWIFT_VERSION = 5.0;
				TARGETED_DEVICE_FAMILY = "1,2";
			};
			name = Debug;
		};
		49A605D82BDE0C3400B0C5E7 /* Release */ = {
			isa = XCBuildConfiguration;
			buildSettings = {
				ASSETCATALOG_COMPILER_APPICON_NAME = AppIcon;
				ASSETCATALOG_COMPILER_GLOBAL_ACCENT_COLOR_NAME = AccentColor;
				CODE_SIGN_STYLE = Automatic;
				CURRENT_PROJECT_VERSION = 1;
				DEVELOPMENT_ASSET_PATHS = "\"IoT_Project/Preview Content\"";
				DEVELOPMENT_TEAM = EG7G6MZGBM;
				ENABLE_PREVIEWS = YES;
				GENERATE_INFOPLIST_FILE = YES;
				INFOPLIST_FILE = "IoT-Project-Info.plist";
				INFOPLIST_KEY_UIApplicationSceneManifest_Generation = YES;
				INFOPLIST_KEY_UIApplicationSupportsIndirectInputEvents = YES;
				INFOPLIST_KEY_UILaunchScreen_Generation = YES;
				INFOPLIST_KEY_UISupportedInterfaceOrientations_iPad = "UIInterfaceOrientationPortrait UIInterfaceOrientationPortraitUpsideDown UIInterfaceOrientationLandscapeLeft UIInterfaceOrientationLandscapeRight";
				INFOPLIST_KEY_UISupportedInterfaceOrientations_iPhone = "UIInterfaceOrientationPortrait UIInterfaceOrientationLandscapeLeft UIInterfaceOrientationLandscapeRight";
				LD_RUNPATH_SEARCH_PATHS = (
					"$(inherited)",
					"@executable_path/Frameworks",
				);
				MARKETING_VERSION = 1.0;
				PRODUCT_BUNDLE_IDENTIFIER = "com.andrew.IoT-Project";
				PRODUCT_NAME = "$(TARGET_NAME)";
				SWIFT_EMIT_LOC_STRINGS = YES;
				SWIFT_VERSION = 5.0;
				TARGETED_DEVICE_FAMILY = "1,2";
			};
			name = Release;
		};
		49A605DA2BDE0C3400B0C5E7 /* Debug */ = {
			isa = XCBuildConfiguration;
			buildSettings = {
				ALWAYS_EMBED_SWIFT_STANDARD_LIBRARIES = YES;
				BUNDLE_LOADER = "$(TEST_HOST)";
				CODE_SIGN_STYLE = Automatic;
				CURRENT_PROJECT_VERSION = 1;
				GENERATE_INFOPLIST_FILE = YES;
				IPHONEOS_DEPLOYMENT_TARGET = 17.4;
				MARKETING_VERSION = 1.0;
				PRODUCT_BUNDLE_IDENTIFIER = "com.andrew.IoT-ProjectTests";
				PRODUCT_NAME = "$(TARGET_NAME)";
				SWIFT_EMIT_LOC_STRINGS = NO;
				SWIFT_VERSION = 5.0;
				TARGETED_DEVICE_FAMILY = "1,2";
				TEST_HOST = "$(BUILT_PRODUCTS_DIR)/IoT_Project.app/$(BUNDLE_EXECUTABLE_FOLDER_PATH)/IoT_Project";
			};
			name = Debug;
		};
		49A605DB2BDE0C3400B0C5E7 /* Release */ = {
			isa = XCBuildConfiguration;
			buildSettings = {
				ALWAYS_EMBED_SWIFT_STANDARD_LIBRARIES = YES;
				BUNDLE_LOADER = "$(TEST_HOST)";
				CODE_SIGN_STYLE = Automatic;
				CURRENT_PROJECT_VERSION = 1;
				GENERATE_INFOPLIST_FILE = YES;
				IPHONEOS_DEPLOYMENT_TARGET = 17.4;
				MARKETING_VERSION = 1.0;
				PRODUCT_BUNDLE_IDENTIFIER = "com.andrew.IoT-ProjectTests";
				PRODUCT_NAME = "$(TARGET_NAME)";
				SWIFT_EMIT_LOC_STRINGS = NO;
				SWIFT_VERSION = 5.0;
				TARGETED_DEVICE_FAMILY = "1,2";
				TEST_HOST = "$(BUILT_PRODUCTS_DIR)/IoT_Project.app/$(BUNDLE_EXECUTABLE_FOLDER_PATH)/IoT_Project";
			};
			name = Release;
		};
		49A605DD2BDE0C3400B0C5E7 /* Debug */ = {
			isa = XCBuildConfiguration;
			buildSettings = {
				ALWAYS_EMBED_SWIFT_STANDARD_LIBRARIES = YES;
				CODE_SIGN_STYLE = Automatic;
				CURRENT_PROJECT_VERSION = 1;
				GENERATE_INFOPLIST_FILE = YES;
				MARKETING_VERSION = 1.0;
				PRODUCT_BUNDLE_IDENTIFIER = "com.andrew.IoT-ProjectUITests";
				PRODUCT_NAME = "$(TARGET_NAME)";
				SWIFT_EMIT_LOC_STRINGS = NO;
				SWIFT_VERSION = 5.0;
				TARGETED_DEVICE_FAMILY = "1,2";
				TEST_TARGET_NAME = IoT_Project;
			};
			name = Debug;
		};
		49A605DE2BDE0C3400B0C5E7 /* Release */ = {
			isa = XCBuildConfiguration;
			buildSettings = {
				ALWAYS_EMBED_SWIFT_STANDARD_LIBRARIES = YES;
				CODE_SIGN_STYLE = Automatic;
				CURRENT_PROJECT_VERSION = 1;
				GENERATE_INFOPLIST_FILE = YES;
				MARKETING_VERSION = 1.0;
				PRODUCT_BUNDLE_IDENTIFIER = "com.andrew.IoT-ProjectUITests";
				PRODUCT_NAME = "$(TARGET_NAME)";
				SWIFT_EMIT_LOC_STRINGS = NO;
				SWIFT_VERSION = 5.0;
				TARGETED_DEVICE_FAMILY = "1,2";
				TEST_TARGET_NAME = IoT_Project;
			};
			name = Release;
		};
/* End XCBuildConfiguration section */

/* Begin XCConfigurationList section */
		49A605AD2BDE0C2E00B0C5E7 /* Build configuration list for PBXProject "IoT_Project" */ = {
			isa = XCConfigurationList;
			buildConfigurations = (
				49A605D42BDE0C3400B0C5E7 /* Debug */,
				49A605D52BDE0C3400B0C5E7 /* Release */,
			);
			defaultConfigurationIsVisible = 0;
			defaultConfigurationName = Release;
		};
		49A605D62BDE0C3400B0C5E7 /* Build configuration list for PBXNativeTarget "IoT_Project" */ = {
			isa = XCConfigurationList;
			buildConfigurations = (
				49A605D72BDE0C3400B0C5E7 /* Debug */,
				49A605D82BDE0C3400B0C5E7 /* Release */,
			);
			defaultConfigurationIsVisible = 0;
			defaultConfigurationName = Release;
		};
		49A605D92BDE0C3400B0C5E7 /* Build configuration list for PBXNativeTarget "IoT_ProjectTests" */ = {
			isa = XCConfigurationList;
			buildConfigurations = (
				49A605DA2BDE0C3400B0C5E7 /* Debug */,
				49A605DB2BDE0C3400B0C5E7 /* Release */,
			);
			defaultConfigurationIsVisible = 0;
			defaultConfigurationName = Release;
		};
		49A605DC2BDE0C3400B0C5E7 /* Build configuration list for PBXNativeTarget "IoT_ProjectUITests" */ = {
			isa = XCConfigurationList;
			buildConfigurations = (
				49A605DD2BDE0C3400B0C5E7 /* Debug */,
				49A605DE2BDE0C3400B0C5E7 /* Release */,
			);
			defaultConfigurationIsVisible = 0;
			defaultConfigurationName = Release;
		};
/* End XCConfigurationList section */

/* Begin XCRemoteSwiftPackageReference section */
		49D00ED82BEAED200055B9F4 /* XCRemoteSwiftPackageReference "firebase-ios-sdk" */ = {
			isa = XCRemoteSwiftPackageReference;
			repositoryURL = "https://github.com/firebase/firebase-ios-sdk";
			requirement = {
				kind = upToNextMajorVersion;
				minimumVersion = 10.25.0;
			};
		};
/* End XCRemoteSwiftPackageReference section */

/* Begin XCSwiftPackageProductDependency section */
		491EAFCC2C113817006682ED /* FirebaseDatabase */ = {
			isa = XCSwiftPackageProductDependency;
			package = 49D00ED82BEAED200055B9F4 /* XCRemoteSwiftPackageReference "firebase-ios-sdk" */;
			productName = FirebaseDatabase;
		};
		49B2111E2C0FDD0E00A45C6A /* FirebaseAnalytics */ = {
			isa = XCSwiftPackageProductDependency;
			package = 49D00ED82BEAED200055B9F4 /* XCRemoteSwiftPackageReference "firebase-ios-sdk" */;
			productName = FirebaseAnalytics;
		};
		49B211202C0FDD0E00A45C6A /* FirebaseAnalyticsOnDeviceConversion */ = {
			isa = XCSwiftPackageProductDependency;
			package = 49D00ED82BEAED200055B9F4 /* XCRemoteSwiftPackageReference "firebase-ios-sdk" */;
			productName = FirebaseAnalyticsOnDeviceConversion;
		};
		49B211222C0FDD0E00A45C6A /* FirebaseAnalyticsSwift */ = {
			isa = XCSwiftPackageProductDependency;
			package = 49D00ED82BEAED200055B9F4 /* XCRemoteSwiftPackageReference "firebase-ios-sdk" */;
			productName = FirebaseAnalyticsSwift;
		};
		49B211242C0FDD0E00A45C6A /* FirebaseAppCheck */ = {
			isa = XCSwiftPackageProductDependency;
			package = 49D00ED82BEAED200055B9F4 /* XCRemoteSwiftPackageReference "firebase-ios-sdk" */;
			productName = FirebaseAppCheck;
		};
		49D00ED92BEAED200055B9F4 /* FirebaseAnalyticsWithoutAdIdSupport */ = {
			isa = XCSwiftPackageProductDependency;
			package = 49D00ED82BEAED200055B9F4 /* XCRemoteSwiftPackageReference "firebase-ios-sdk" */;
			productName = FirebaseAnalyticsWithoutAdIdSupport;
		};
/* End XCSwiftPackageProductDependency section */
	};
	rootObject = 49A605AA2BDE0C2E00B0C5E7 /* Project object */;
}
